
Microsoft Visual Studio Solution File, Format Version 12.00
# Visual Studio Version 17
VisualStudioVersion = 17.9.34723.18
MinimumVisualStudioVersion = 10.0.40219.1
Project("{2150E333-8FDC-42A3-9474-1A3956D46DE8}") = "01", "01", "{C47E4C25-1AC4-4F31-8BA8-9393617A89AF}"
EndProject
Project("{FAE04EC0-301F-11D3-BF4B-00C04F79EFBC}") = "ParIMpar", "ParIMpar\ParIMpar.csproj", "{CFF3E58F-EAF1-4A8E-A0F1-01C4F3B4E140}"
EndProject
Global
	GlobalSection(SolutionConfigurationPlatforms) = preSolution
		Debug|Any CPU = Debug|Any CPU
		Release|Any CPU = Release|Any CPU
	EndGlobalSection
	GlobalSection(ProjectConfigurationPlatforms) = postSolution
		{CFF3E58F-EAF1-4A8E-A0F1-01C4F3B4E140}.Debug|Any CPU.ActiveCfg = Debug|Any CPU
		{CFF3E58F-EAF1-4A8E-A0F1-01C4F3B4E140}.Debug|Any CPU.Build.0 = Debug|Any CPU
		{CFF3E58F-EAF1-4A8E-A0F1-01C4F3B4E140}.Release|Any CPU.ActiveCfg = Release|Any CPU
		{CFF3E58F-EAF1-4A8E-A0F1-01C4F3B4E140}.Release|Any CPU.Build.0 = Release|Any CPU
	EndGlobalSection
	GlobalSection(SolutionProperties) = preSolution
		HideSolutionNode = FALSE
	EndGlobalSection
	GlobalSection(NestedProjects) = preSolution
		{CFF3E58F-EAF1-4A8E-A0F1-01C4F3B4E140} = {C47E4C25-1AC4-4F31-8BA8-9393617A89AF}
	EndGlobalSection
	GlobalSection(ExtensibilityGlobals) = postSolution
		SolutionGuid = {8A0119FB-287D-44D8-A927-6CBACC422679}
	EndGlobalSection
EndGlobal
