
Microsoft Visual Studio Solution File, Format Version 12.00
# Visual Studio Version 17
VisualStudioVersion = 17.9.34723.18
MinimumVisualStudioVersion = 10.0.40219.1
Project("{FAE04EC0-301F-11D3-BF4B-00C04F79EFBC}") = "prueba", "prueba\prueba.csproj", "{ECD02F33-1427-4DAF-AF2E-3565625AA546}"
EndProject
Global
	GlobalSection(SolutionConfigurationPlatforms) = preSolution
		Debug|Any CPU = Debug|Any CPU
		Release|Any CPU = Release|Any CPU
	EndGlobalSection
	GlobalSection(ProjectConfigurationPlatforms) = postSolution
		{ECD02F33-1427-4DAF-AF2E-3565625AA546}.Debug|Any CPU.ActiveCfg = Debug|Any CPU
		{ECD02F33-1427-4DAF-AF2E-3565625AA546}.Debug|Any CPU.Build.0 = Debug|Any CPU
		{ECD02F33-1427-4DAF-AF2E-3565625AA546}.Release|Any CPU.ActiveCfg = Release|Any CPU
		{ECD02F33-1427-4DAF-AF2E-3565625AA546}.Release|Any CPU.Build.0 = Release|Any CPU
	EndGlobalSection
	GlobalSection(SolutionProperties) = preSolution
		HideSolutionNode = FALSE
	EndGlobalSection
	GlobalSection(ExtensibilityGlobals) = postSolution
		SolutionGuid = {8A0119FB-287D-44D8-A927-6CBACC422679}
	EndGlobalSection
EndGlobal
